
Microsoft Visual Studio Solution File, Format Version 12.00
# Visual Studio 14
VisualStudioVersion = 14.0.25420.1
MinimumVisualStudioVersion = 10.0.40219.1
Project("{2150E333-8FDC-42A3-9474-1A3956D46DE8}") = "Testing", "Testing", "{D172F412-4FF4-48CC-BD16-C8320FAE9FAB}"
	ProjectSection(SolutionItems) = preProject
		cls.cs = cls.cs
	EndProjectSection
EndProject
Project("{2150E333-8FDC-42A3-9474-1A3956D46DE8}") = "Model", "Model", "{D0415869-9823-4DE4-9B69-E932835C5A9A}"
EndProject
Project("{FAE04EC0-301F-11D3-BF4B-00C04F79EFBC}") = "Truextend.Studentmanagement.Core.Model.Data", "Truextend.Studentmanagement.Core.Model.Data\Truextend.Studentmanagement.Core.Model.Data.csproj", "{CAE64711-362E-4AE0-8B08-2C5A1631007C}"
EndProject
Project("{2150E333-8FDC-42A3-9474-1A3956D46DE8}") = "Entity", "Entity", "{FC44D991-568F-40E2-BA6F-EB0FC547FA4F}"
EndProject
Project("{FAE04EC0-301F-11D3-BF4B-00C04F79EFBC}") = "Truextend.StudentManagement.Core.Entities", "Truextend.StudentManagement.Core.Entities\Truextend.StudentManagement.Core.Entities.csproj", "{7AEE08AF-A288-4E7C-8723-E2958C43B1DF}"
EndProject
Project("{2150E333-8FDC-42A3-9474-1A3956D46DE8}") = "Bussiness", "Bussiness", "{B4C77796-49CC-4B49-B713-6658DB3BE9E4}"
EndProject
Project("{FAE04EC0-301F-11D3-BF4B-00C04F79EFBC}") = "Truextend.StudentManagement.Core.Bussiness", "Truextend.StudentManagement.Core.Bussiness\Truextend.StudentManagement.Core.Bussiness.csproj", "{524D5B66-83E6-4C61-BF9D-5E9A52A01201}"
EndProject
Project("{2150E333-8FDC-42A3-9474-1A3956D46DE8}") = "ProyectConsole", "ProyectConsole", "{9D8DE2E9-40C1-423D-9753-B3E544574208}"
EndProject
Project("{FAE04EC0-301F-11D3-BF4B-00C04F79EFBC}") = "ConsoleApp", "ConsoleApp\ConsoleApp.csproj", "{7DBB2A96-246D-4FE5-A995-FA7757AEA308}"
EndProject
Global
	GlobalSection(SolutionConfigurationPlatforms) = preSolution
		Debug|Any CPU = Debug|Any CPU
		Release|Any CPU = Release|Any CPU
	EndGlobalSection
	GlobalSection(ProjectConfigurationPlatforms) = postSolution
		{CAE64711-362E-4AE0-8B08-2C5A1631007C}.Debug|Any CPU.ActiveCfg = Debug|Any CPU
		{CAE64711-362E-4AE0-8B08-2C5A1631007C}.Debug|Any CPU.Build.0 = Debug|Any CPU
		{CAE64711-362E-4AE0-8B08-2C5A1631007C}.Release|Any CPU.ActiveCfg = Release|Any CPU
		{CAE64711-362E-4AE0-8B08-2C5A1631007C}.Release|Any CPU.Build.0 = Release|Any CPU
		{7AEE08AF-A288-4E7C-8723-E2958C43B1DF}.Debug|Any CPU.ActiveCfg = Debug|Any CPU
		{7AEE08AF-A288-4E7C-8723-E2958C43B1DF}.Debug|Any CPU.Build.0 = Debug|Any CPU
		{7AEE08AF-A288-4E7C-8723-E2958C43B1DF}.Release|Any CPU.ActiveCfg = Release|Any CPU
		{7AEE08AF-A288-4E7C-8723-E2958C43B1DF}.Release|Any CPU.Build.0 = Release|Any CPU
		{524D5B66-83E6-4C61-BF9D-5E9A52A01201}.Debug|Any CPU.ActiveCfg = Debug|Any CPU
		{524D5B66-83E6-4C61-BF9D-5E9A52A01201}.Debug|Any CPU.Build.0 = Debug|Any CPU
		{524D5B66-83E6-4C61-BF9D-5E9A52A01201}.Release|Any CPU.ActiveCfg = Release|Any CPU
		{524D5B66-83E6-4C61-BF9D-5E9A52A01201}.Release|Any CPU.Build.0 = Release|Any CPU
		{7DBB2A96-246D-4FE5-A995-FA7757AEA308}.Debug|Any CPU.ActiveCfg = Debug|Any CPU
		{7DBB2A96-246D-4FE5-A995-FA7757AEA308}.Debug|Any CPU.Build.0 = Debug|Any CPU
		{7DBB2A96-246D-4FE5-A995-FA7757AEA308}.Release|Any CPU.ActiveCfg = Release|Any CPU
		{7DBB2A96-246D-4FE5-A995-FA7757AEA308}.Release|Any CPU.Build.0 = Release|Any CPU
	EndGlobalSection
	GlobalSection(SolutionProperties) = preSolution
		HideSolutionNode = FALSE
	EndGlobalSection
	GlobalSection(NestedProjects) = preSolution
		{CAE64711-362E-4AE0-8B08-2C5A1631007C} = {D0415869-9823-4DE4-9B69-E932835C5A9A}
		{7AEE08AF-A288-4E7C-8723-E2958C43B1DF} = {FC44D991-568F-40E2-BA6F-EB0FC547FA4F}
		{524D5B66-83E6-4C61-BF9D-5E9A52A01201} = {B4C77796-49CC-4B49-B713-6658DB3BE9E4}
		{7DBB2A96-246D-4FE5-A995-FA7757AEA308} = {9D8DE2E9-40C1-423D-9753-B3E544574208}
	EndGlobalSection
EndGlobal
